
Microsoft Visual Studio Solution File, Format Version 12.00
# Visual Studio Version 17
VisualStudioVersion = 17.14.37012.4 d17.14
MinimumVisualStudioVersion = 10.0.40219.1
Project("{FAE04EC0-301F-11D3-BF4B-00C04F79EFBC}") = "InventoryApp.Backend", "InventoryApp.Backend\InventoryApp.Backend.csproj", "{1E674497-4879-46D8-B2B4-D8424A0EA3EC}"
EndProject
Global
	GlobalSection(SolutionConfigurationPlatforms) = preSolution
		Debug|Any CPU = Debug|Any CPU
		Release|Any CPU = Release|Any CPU
	EndGlobalSection
	GlobalSection(ProjectConfigurationPlatforms) = postSolution
		{1E674497-4879-46D8-B2B4-D8424A0EA3EC}.Debug|Any CPU.ActiveCfg = Debug|Any CPU
		{1E674497-4879-46D8-B2B4-D8424A0EA3EC}.Debug|Any CPU.Build.0 = Debug|Any CPU
		{1E674497-4879-46D8-B2B4-D8424A0EA3EC}.Release|Any CPU.ActiveCfg = Release|Any CPU
		{1E674497-4879-46D8-B2B4-D8424A0EA3EC}.Release|Any CPU.Build.0 = Release|Any CPU
	EndGlobalSection
	GlobalSection(SolutionProperties) = preSolution
		HideSolutionNode = FALSE
	EndGlobalSection
	GlobalSection(ExtensibilityGlobals) = postSolution
		SolutionGuid = {73101CB4-A499-4070-9DAD-1D4E535A6547}
	EndGlobalSection
EndGlobal
